Microsoft Visual Studio Solution File, Format Version 12.00
# Visual Studio Version 17
VisualStudioVersion = 17.5.2.0
MinimumVisualStudioVersion = 10.0.40219.1
Project("{2150E333-8FDC-42A3-9474-1A3956D46DE8}") = "projects", "projects", "{17245595-230B-9055-A944-863F0DDDA8E8}"
EndProject
Project("{FAE04EC0-301F-11D3-BF4B-00C04F79EFBC}") = "QuickServe", "projects\quickserve\QuickServe.csproj", "{E89C3BA7-CD96-B7DF-415F-ABE54AA76C90}"
EndProject
Global
	GlobalSection(SolutionConfigurationPlatforms) = preSolution
		Debug|Any CPU = Debug|Any CPU
		Release|Any CPU = Release|Any CPU
	EndGlobalSection
	GlobalSection(ProjectConfigurationPlatforms) = postSolution
		{E89C3BA7-CD96-B7DF-415F-ABE54AA76C90}.Debug|Any CPU.ActiveCfg = Debug|Any CPU
		{E89C3BA7-CD96-B7DF-415F-ABE54AA76C90}.Debug|Any CPU.Build.0 = Debug|Any CPU
		{E89C3BA7-CD96-B7DF-415F-ABE54AA76C90}.Release|Any CPU.ActiveCfg = Release|Any CPU
		{E89C3BA7-CD96-B7DF-415F-ABE54AA76C90}.Release|Any CPU.Build.0 = Release|Any CPU
	EndGlobalSection
	GlobalSection(SolutionProperties) = preSolution
		HideSolutionNode = FALSE
	EndGlobalSection
	GlobalSection(NestedProjects) = preSolution
		{E89C3BA7-CD96-B7DF-415F-ABE54AA76C90} = {17245595-230B-9055-A944-863F0DDDA8E8}
	EndGlobalSection
	GlobalSection(ExtensibilityGlobals) = postSolution
		SolutionGuid = {BDFDC222-C98E-4ACD-8540-2B86A1CE5E6C}
	EndGlobalSection
EndGlobal
