Microsoft Visual Studio Solution File, Format Version 12.00
# Visual Studio Version 17
VisualStudioVersion = 17.5.2.0
MinimumVisualStudioVersion = 10.0.40219.1
Project("{2150E333-8FDC-42A3-9474-1A3956D46DE8}") = "projects", "projects", "{17245595-230B-9055-A944-863F0DDDA8E8}"
EndProject
Project("{FAE04EC0-301F-11D3-BF4B-00C04F79EFBC}") = "wordleizer", "projects\wordleizer\wordleizer.csproj", "{B356C3F2-7A0E-6592-EB41-12B8E5CF10E0}"
EndProject
Global
	GlobalSection(SolutionConfigurationPlatforms) = preSolution
		Debug|Any CPU = Debug|Any CPU
		Release|Any CPU = Release|Any CPU
	EndGlobalSection
	GlobalSection(ProjectConfigurationPlatforms) = postSolution
		{B356C3F2-7A0E-6592-EB41-12B8E5CF10E0}.Debug|Any CPU.ActiveCfg = Debug|Any CPU
		{B356C3F2-7A0E-6592-EB41-12B8E5CF10E0}.Debug|Any CPU.Build.0 = Debug|Any CPU
		{B356C3F2-7A0E-6592-EB41-12B8E5CF10E0}.Release|Any CPU.ActiveCfg = Release|Any CPU
		{B356C3F2-7A0E-6592-EB41-12B8E5CF10E0}.Release|Any CPU.Build.0 = Release|Any CPU
	EndGlobalSection
	GlobalSection(SolutionProperties) = preSolution
		HideSolutionNode = FALSE
	EndGlobalSection
	GlobalSection(NestedProjects) = preSolution
		{B356C3F2-7A0E-6592-EB41-12B8E5CF10E0} = {17245595-230B-9055-A944-863F0DDDA8E8}
	EndGlobalSection
	GlobalSection(ExtensibilityGlobals) = postSolution
		SolutionGuid = {4235D6B9-23D5-4DF8-8ACB-9C4019EF95AD}
	EndGlobalSection
EndGlobal
